Microsoft Visual Studio Solution File, Format Version 11.00
# Visual Studio 2008

Project("{815982CA-6861-AD17-AF69-6918F636445B}") = "Steering behaviours", "Assembly-CSharp.csproj", "{11DA059E-BD4A-2DE1-3C35-DC14111B7400}"
EndProject
Global
	GlobalSection(SolutionConfigurationPlatforms) = preSolution
		Debug|Any CPU = Debug|Any CPU
		Release|Any CPU = Release|Any CPU
	EndGlobalSection
	GlobalSection(ProjectConfigurationPlatforms) = postSolution
		{11DA059E-BD4A-2DE1-3C35-DC14111B7400}.Debug|Any CPU.ActiveCfg = Debug|Any CPU
		{11DA059E-BD4A-2DE1-3C35-DC14111B7400}.Debug|Any CPU.Build.0 = Debug|Any CPU
		{11DA059E-BD4A-2DE1-3C35-DC14111B7400}.Release|Any CPU.ActiveCfg = Release|Any CPU
		{11DA059E-BD4A-2DE1-3C35-DC14111B7400}.Release|Any CPU.Build.0 = Release|Any CPU
	EndGlobalSection
	GlobalSection(SolutionProperties) = preSolution
		HideSolutionNode = FALSE
	EndGlobalSection
	GlobalSection(MonoDevelopProperties) = preSolution
		StartupItem = Assembly-CSharp.csproj
	EndGlobalSection
EndGlobal
