Microsoft Visual Studio Solution File, Format Version 11.00
# Visual Studio 2008

Project("{8FC100A2-7F85-B031-4B5E-381557619BD3}") = "Steering Behaviours 3", "Assembly-CSharp.csproj", "{EABBC5CC-DC2A-1B40-1563-85D96BDB110A}"
EndProject
Global
	GlobalSection(SolutionConfigurationPlatforms) = preSolution
		Debug|Any CPU = Debug|Any CPU
		Release|Any CPU = Release|Any CPU
	EndGlobalSection
	GlobalSection(ProjectConfigurationPlatforms) = postSolution
		{EABBC5CC-DC2A-1B40-1563-85D96BDB110A}.Debug|Any CPU.ActiveCfg = Debug|Any CPU
		{EABBC5CC-DC2A-1B40-1563-85D96BDB110A}.Debug|Any CPU.Build.0 = Debug|Any CPU
		{EABBC5CC-DC2A-1B40-1563-85D96BDB110A}.Release|Any CPU.ActiveCfg = Release|Any CPU
		{EABBC5CC-DC2A-1B40-1563-85D96BDB110A}.Release|Any CPU.Build.0 = Release|Any CPU
	EndGlobalSection
	GlobalSection(SolutionProperties) = preSolution
		HideSolutionNode = FALSE
	EndGlobalSection
	GlobalSection(MonoDevelopProperties) = preSolution
		StartupItem = Assembly-CSharp.csproj
	EndGlobalSection
EndGlobal
